
Microsoft Visual Studio Solution File, Format Version 12.00
# Visual Studio Version 16
VisualStudioVersion = 16.0.31613.86
MinimumVisualStudioVersion = 10.0.40219.1
Project("{FAE04EC0-301F-11D3-BF4B-00C04F79EFBC}") = "Destractor", "Destractor.csproj", "{C2B4C9AB-B618-4051-96B2-D5733061A432}"
EndProject
Global
	GlobalSection(SolutionConfigurationPlatforms) = preSolution
		Debug|Any CPU = Debug|Any CPU
		Release|Any CPU = Release|Any CPU
	EndGlobalSection
	GlobalSection(ProjectConfigurationPlatforms) = postSolution
		{C2B4C9AB-B618-4051-96B2-D5733061A432}.Debug|Any CPU.ActiveCfg = Debug|Any CPU
		{C2B4C9AB-B618-4051-96B2-D5733061A432}.Debug|Any CPU.Build.0 = Debug|Any CPU
		{C2B4C9AB-B618-4051-96B2-D5733061A432}.Release|Any CPU.ActiveCfg = Release|Any CPU
		{C2B4C9AB-B618-4051-96B2-D5733061A432}.Release|Any CPU.Build.0 = Release|Any CPU
	EndGlobalSection
	GlobalSection(SolutionProperties) = preSolution
		HideSolutionNode = FALSE
	EndGlobalSection
	GlobalSection(ExtensibilityGlobals) = postSolution
		SolutionGuid = {2926B488-5F76-4E40-8D05-786E064D2C2C}
	EndGlobalSection
EndGlobal
